
Microsoft Visual Studio Solution File, Format Version 12.00
# Visual Studio Version 17
VisualStudioVersion = 17.12.35514.174
MinimumVisualStudioVersion = 10.0.40219.1
Project("{FAE04EC0-301F-11D3-BF4B-00C04F79EFBC}") = "DataTools", "DataTools\DataTools.csproj", "{77C597F2-C9E9-4E2E-B003-F58095AF4A05}"
EndProject
Project("{FAE04EC0-301F-11D3-BF4B-00C04F79EFBC}") = "DataTools_MSSQL", "DataTools_MSSQL\DataTools_MSSQL.csproj", "{524962B5-961D-4290-A8AB-9F14F00B6AD9}"
EndProject
Project("{FAE04EC0-301F-11D3-BF4B-00C04F79EFBC}") = "DataTools_PostgreSQL", "DataTools_PostgreSQL\DataTools_PostgreSQL.csproj", "{4336FFB5-4536-4FBC-B475-5D32A7516400}"
EndProject
Project("{FAE04EC0-301F-11D3-BF4B-00C04F79EFBC}") = "DataTools_SQLite", "DataTools_SQLite\DataTools_SQLite.csproj", "{FAA1A502-999B-41B8-A54E-991C48E9F5F9}"
EndProject
Project("{FAE04EC0-301F-11D3-BF4B-00C04F79EFBC}") = "DataTools_Benchmarks", "DataTools_Benchmarks\DataTools_Benchmarks.csproj", "{1BA6017C-B197-4988-9514-556AB5A44E01}"
EndProject
Project("{FAE04EC0-301F-11D3-BF4B-00C04F79EFBC}") = "DataTools_InMemory_SQLite", "DataTools_InMemory_SQLite\DataTools_InMemory_SQLite.csproj", "{E5832B29-05FD-02FD-EFB3-4082FB16BD04}"
EndProject
Project("{2150E333-8FDC-42A3-9474-1A3956D46DE8}") = "Deployment", "Deployment", "{36D591C7-65C7-A0D1-1CBC-10CDE441BDC8}"
EndProject
Project("{2150E333-8FDC-42A3-9474-1A3956D46DE8}") = "Core", "Core", "{7E7E07AD-C457-48EA-94D1-847C9185A773}"
EndProject
Project("{2150E333-8FDC-42A3-9474-1A3956D46DE8}") = "Implementation", "Implementation", "{E5B564F8-D421-4C4C-BA4D-49809E19176E}"
EndProject
Project("{FAE04EC0-301F-11D3-BF4B-00C04F79EFBC}") = "DataTools_Generator_Base", "DataTools_Generator_Base\DataTools_Generator_Base.csproj", "{C048F397-0E59-432A-BEF6-D60E52C11436}"
EndProject
Project("{FAE04EC0-301F-11D3-BF4B-00C04F79EFBC}") = "DataTools_Deployer", "DataTools_Deployer_Exe\DataTools_Deployer.csproj", "{3C3C3C2C-3868-6229-2AE3-1C46C58FCF64}"
EndProject
Project("{FAE04EC0-301F-11D3-BF4B-00C04F79EFBC}") = "DataTools_Generator", "DataTools_Generator_Exe\DataTools_Generator.csproj", "{0E25D5EB-7AC5-CFEF-B60D-62AA24157F88}"
EndProject
Project("{FAE04EC0-301F-11D3-BF4B-00C04F79EFBC}") = "DataTools_MSSQL_GeneratorLib", "DataTools_MSSQL_Generator\DataTools_MSSQL_GeneratorLib.csproj", "{721CB819-4036-C00E-D8F1-3FE871D90C41}"
EndProject
Project("{FAE04EC0-301F-11D3-BF4B-00C04F79EFBC}") = "DataTools_PostgreSQL_GeneratorLib", "DataTools_PostgreSQL_Generator\DataTools_PostgreSQL_GeneratorLib.csproj", "{B4626C36-0892-4AD6-BEB5-8736F0FF8EFD}"
EndProject
Project("{FAE04EC0-301F-11D3-BF4B-00C04F79EFBC}") = "DataTools_SQLite_GeneratorLib", "DataTools_SQLite_Generator\DataTools_SQLite_GeneratorLib.csproj", "{56816C66-C86D-4D10-A751-17E20501CB71}"
EndProject
Project("{FAE04EC0-301F-11D3-BF4B-00C04F79EFBC}") = "DataTools_Deployment_Core", "DataTools_Deployment_Core\DataTools_Deployment_Core.csproj", "{0A91C8BA-ED36-4584-A604-DA953417602D}"
EndProject
Project("{2150E333-8FDC-42A3-9474-1A3956D46DE8}") = "Lib", "Lib", "{24D7C406-12C6-47AA-8184-F854F62C670F}"
EndProject
Project("{2150E333-8FDC-42A3-9474-1A3956D46DE8}") = "Exe", "Exe", "{2E3BBE61-946E-4D8A-8629-540DEEE51677}"
EndProject
Project("{FAE04EC0-301F-11D3-BF4B-00C04F79EFBC}") = "DataTools_DataMigration", "DataTools_DataMigration\DataTools_DataMigration.csproj", "{9E0214B5-3759-40BE-A894-696FE46DDDCD}"
EndProject
Project("{FAE04EC0-301F-11D3-BF4B-00C04F79EFBC}") = "DataTools_GeneratorLib", "DataTools_GeneratorLib\DataTools_GeneratorLib.csproj", "{C2F339B9-7E28-473C-8BFB-8526800B70AA}"
EndProject
Project("{FAE04EC0-301F-11D3-BF4B-00C04F79EFBC}") = "DataTools_DeployerLib", "DataTools_DeployerLib\DataTools_DeployerLib.csproj", "{3D4163F2-959C-4F1A-8139-0825C8A85730}"
EndProject
Project("{FAE04EC0-301F-11D3-BF4B-00C04F79EFBC}") = "DataTools_DataMigrationLib", "DataTools_DataMigrationLib\DataTools_DataMigrationLib.csproj", "{FD072C4D-5801-4B0E-AB3D-5583FB955FCE}"
EndProject
Project("{FAE04EC0-301F-11D3-BF4B-00C04F79EFBC}") = "DataTools_MSSQL_DeployerLib", "DataTools_MSSQL_DeployerLib\DataTools_MSSQL_DeployerLib.csproj", "{72A7DDFB-AC01-4E87-AB5F-B4F93C9FD51D}"
EndProject
Project("{FAE04EC0-301F-11D3-BF4B-00C04F79EFBC}") = "DataTools_Deployer_Base", "DataTools_Deployer_Base\DataTools_Deployer_Base.csproj", "{B59D118C-BC9F-46ED-8AFB-682D70E3F97A}"
EndProject
Project("{FAE04EC0-301F-11D3-BF4B-00C04F79EFBC}") = "DataTools_PostgreSQL_DeployerLib", "DataTools_PostgreSQL_DeployerLib\DataTools_PostgreSQL_DeployerLib.csproj", "{D32FAD98-6621-49C7-B164-1A87C4D89A06}"
EndProject
Project("{FAE04EC0-301F-11D3-BF4B-00C04F79EFBC}") = "DataTools_SQLite_DeployerLib", "DataTools_SQLite_DeployerLib\DataTools_SQLite_DeployerLib.csproj", "{6D62FBA8-90C0-4169-936D-6DF717E3FBE6}"
EndProject
Project("{2150E333-8FDC-42A3-9474-1A3956D46DE8}") = "Generation", "Generation", "{93BFAE54-6B38-4670-A92D-4624EA8D2467}"
EndProject
Project("{2150E333-8FDC-42A3-9474-1A3956D46DE8}") = "Deployment", "Deployment", "{887C070A-E55B-4850-B80B-7FB4C8810B16}"
EndProject
Project("{2150E333-8FDC-42A3-9474-1A3956D46DE8}") = "Migration", "Migration", "{40EC97DD-26AC-452F-8A98-3325DAD49BAF}"
EndProject
Project("{FAE04EC0-301F-11D3-BF4B-00C04F79EFBC}") = "DataTools_Migration_Base", "DataTools_Migration_Base\DataTools_Migration_Base.csproj", "{5E058CFD-72EE-4418-A07F-AFB0DB131BAE}"
EndProject
Project("{FAE04EC0-301F-11D3-BF4B-00C04F79EFBC}") = "DataTools_MSSQL_MigrationLib", "DataTools_MSSQL_MigrationLib\DataTools_MSSQL_MigrationLib.csproj", "{DF30800E-E6F3-459D-B82B-7ACA7A6D8A08}"
EndProject
Project("{FAE04EC0-301F-11D3-BF4B-00C04F79EFBC}") = "DataTools_PostgreSQL_MigrationLib", "DataTools_PostgreSQL_MigrationLib\DataTools_PostgreSQL_MigrationLib.csproj", "{D9BDA5E4-A5B1-4143-847A-2C8933E1BC3B}"
EndProject
Project("{FAE04EC0-301F-11D3-BF4B-00C04F79EFBC}") = "DataTools_SQLite_MigrationLib", "DataTools_SQLite_MigrationLib\DataTools_SQLite_MigrationLib.csproj", "{90FF2428-93F1-49DB-82D0-8BB44193A15B}"
EndProject
Project("{2150E333-8FDC-42A3-9474-1A3956D46DE8}") = "Test", "Test", "{F218A364-EE55-4968-B302-FB94CFB907D6}"
EndProject
Project("{FAE04EC0-301F-11D3-BF4B-00C04F79EFBC}") = "DataTools_TestLib", "DataTools_TestLib\DataTools_TestLib.csproj", "{11802544-ED1F-474D-AF4E-C77DE60EAAB4}"
EndProject
Project("{FAE04EC0-301F-11D3-BF4B-00C04F79EFBC}") = "DataTools_MSSQLTest", "DataTools_MSSQLTest\DataTools_MSSQLTest.csproj", "{C96E8004-303D-4CD7-9CE7-007A15AF155D}"
EndProject
Project("{FAE04EC0-301F-11D3-BF4B-00C04F79EFBC}") = "DataTools_PostgreSQLTest", "DataTools_PostgreSQLTest\DataTools_PostgreSQLTest.csproj", "{88CF698B-9A40-492F-9BB1-68677ABFDCEE}"
EndProject
Project("{FAE04EC0-301F-11D3-BF4B-00C04F79EFBC}") = "DataTools_SQLiteTest", "DataTools_SQLiteTest\DataTools_SQLiteTest.csproj", "{8BDD995C-718C-49E7-BD74-94FE7C432DC0}"
EndProject
Project("{FAE04EC0-301F-11D3-BF4B-00C04F79EFBC}") = "DataTools_InMemory_SQLiteTest", "DataTools_InMemory_SQLiteTest\DataTools_InMemory_SQLiteTest.csproj", "{EC6D9994-CF3C-429D-B194-D64EF92F7B3E}"
EndProject
Project("{FAE04EC0-301F-11D3-BF4B-00C04F79EFBC}") = "DataTools_DeployTest", "DataTools_DeployTest\DataTools_DeployTest.csproj", "{3F3AFB46-5710-4B1C-B784-C67078A895EA}"
EndProject
Project("{FAE04EC0-301F-11D3-BF4B-00C04F79EFBC}") = "DataTools_RandomTests", "DataTools_RandomTests\DataTools_RandomTests.csproj", "{958C9EB2-5FAC-4B8E-95AC-8884ECF937E5}"
EndProject
Global
	GlobalSection(SolutionConfigurationPlatforms) = preSolution
		Debug|Any CPU = Debug|Any CPU
		Release|Any CPU = Release|Any CPU
	EndGlobalSection
	GlobalSection(ProjectConfigurationPlatforms) = postSolution
		{77C597F2-C9E9-4E2E-B003-F58095AF4A05}.Debug|Any CPU.ActiveCfg = Debug|Any CPU
		{77C597F2-C9E9-4E2E-B003-F58095AF4A05}.Debug|Any CPU.Build.0 = Debug|Any CPU
		{77C597F2-C9E9-4E2E-B003-F58095AF4A05}.Release|Any CPU.ActiveCfg = Release|Any CPU
		{77C597F2-C9E9-4E2E-B003-F58095AF4A05}.Release|Any CPU.Build.0 = Release|Any CPU
		{524962B5-961D-4290-A8AB-9F14F00B6AD9}.Debug|Any CPU.ActiveCfg = Debug|Any CPU
		{524962B5-961D-4290-A8AB-9F14F00B6AD9}.Debug|Any CPU.Build.0 = Debug|Any CPU
		{524962B5-961D-4290-A8AB-9F14F00B6AD9}.Release|Any CPU.ActiveCfg = Release|Any CPU
		{524962B5-961D-4290-A8AB-9F14F00B6AD9}.Release|Any CPU.Build.0 = Release|Any CPU
		{4336FFB5-4536-4FBC-B475-5D32A7516400}.Debug|Any CPU.ActiveCfg = Debug|Any CPU
		{4336FFB5-4536-4FBC-B475-5D32A7516400}.Debug|Any CPU.Build.0 = Debug|Any CPU
		{4336FFB5-4536-4FBC-B475-5D32A7516400}.Release|Any CPU.ActiveCfg = Release|Any CPU
		{4336FFB5-4536-4FBC-B475-5D32A7516400}.Release|Any CPU.Build.0 = Release|Any CPU
		{FAA1A502-999B-41B8-A54E-991C48E9F5F9}.Debug|Any CPU.ActiveCfg = Debug|Any CPU
		{FAA1A502-999B-41B8-A54E-991C48E9F5F9}.Debug|Any CPU.Build.0 = Debug|Any CPU
		{FAA1A502-999B-41B8-A54E-991C48E9F5F9}.Release|Any CPU.ActiveCfg = Release|Any CPU
		{FAA1A502-999B-41B8-A54E-991C48E9F5F9}.Release|Any CPU.Build.0 = Release|Any CPU
		{1BA6017C-B197-4988-9514-556AB5A44E01}.Debug|Any CPU.ActiveCfg = Debug|Any CPU
		{1BA6017C-B197-4988-9514-556AB5A44E01}.Debug|Any CPU.Build.0 = Debug|Any CPU
		{1BA6017C-B197-4988-9514-556AB5A44E01}.Release|Any CPU.ActiveCfg = Release|Any CPU
		{1BA6017C-B197-4988-9514-556AB5A44E01}.Release|Any CPU.Build.0 = Release|Any CPU
		{E5832B29-05FD-02FD-EFB3-4082FB16BD04}.Debug|Any CPU.ActiveCfg = Debug|Any CPU
		{E5832B29-05FD-02FD-EFB3-4082FB16BD04}.Debug|Any CPU.Build.0 = Debug|Any CPU
		{E5832B29-05FD-02FD-EFB3-4082FB16BD04}.Release|Any CPU.ActiveCfg = Release|Any CPU
		{E5832B29-05FD-02FD-EFB3-4082FB16BD04}.Release|Any CPU.Build.0 = Release|Any CPU
		{C048F397-0E59-432A-BEF6-D60E52C11436}.Debug|Any CPU.ActiveCfg = Debug|Any CPU
		{C048F397-0E59-432A-BEF6-D60E52C11436}.Debug|Any CPU.Build.0 = Debug|Any CPU
		{C048F397-0E59-432A-BEF6-D60E52C11436}.Release|Any CPU.ActiveCfg = Release|Any CPU
		{C048F397-0E59-432A-BEF6-D60E52C11436}.Release|Any CPU.Build.0 = Release|Any CPU
		{3C3C3C2C-3868-6229-2AE3-1C46C58FCF64}.Debug|Any CPU.ActiveCfg = Debug|Any CPU
		{3C3C3C2C-3868-6229-2AE3-1C46C58FCF64}.Debug|Any CPU.Build.0 = Debug|Any CPU
		{3C3C3C2C-3868-6229-2AE3-1C46C58FCF64}.Release|Any CPU.ActiveCfg = Release|Any CPU
		{3C3C3C2C-3868-6229-2AE3-1C46C58FCF64}.Release|Any CPU.Build.0 = Release|Any CPU
		{0E25D5EB-7AC5-CFEF-B60D-62AA24157F88}.Debug|Any CPU.ActiveCfg = Debug|Any CPU
		{0E25D5EB-7AC5-CFEF-B60D-62AA24157F88}.Debug|Any CPU.Build.0 = Debug|Any CPU
		{0E25D5EB-7AC5-CFEF-B60D-62AA24157F88}.Release|Any CPU.ActiveCfg = Release|Any CPU
		{0E25D5EB-7AC5-CFEF-B60D-62AA24157F88}.Release|Any CPU.Build.0 = Release|Any CPU
		{721CB819-4036-C00E-D8F1-3FE871D90C41}.Debug|Any CPU.ActiveCfg = Debug|Any CPU
		{721CB819-4036-C00E-D8F1-3FE871D90C41}.Debug|Any CPU.Build.0 = Debug|Any CPU
		{721CB819-4036-C00E-D8F1-3FE871D90C41}.Release|Any CPU.ActiveCfg = Release|Any CPU
		{721CB819-4036-C00E-D8F1-3FE871D90C41}.Release|Any CPU.Build.0 = Release|Any CPU
		{B4626C36-0892-4AD6-BEB5-8736F0FF8EFD}.Debug|Any CPU.ActiveCfg = Debug|Any CPU
		{B4626C36-0892-4AD6-BEB5-8736F0FF8EFD}.Debug|Any CPU.Build.0 = Debug|Any CPU
		{B4626C36-0892-4AD6-BEB5-8736F0FF8EFD}.Release|Any CPU.ActiveCfg = Release|Any CPU
		{B4626C36-0892-4AD6-BEB5-8736F0FF8EFD}.Release|Any CPU.Build.0 = Release|Any CPU
		{56816C66-C86D-4D10-A751-17E20501CB71}.Debug|Any CPU.ActiveCfg = Debug|Any CPU
		{56816C66-C86D-4D10-A751-17E20501CB71}.Debug|Any CPU.Build.0 = Debug|Any CPU
		{56816C66-C86D-4D10-A751-17E20501CB71}.Release|Any CPU.ActiveCfg = Release|Any CPU
		{56816C66-C86D-4D10-A751-17E20501CB71}.Release|Any CPU.Build.0 = Release|Any CPU
		{0A91C8BA-ED36-4584-A604-DA953417602D}.Debug|Any CPU.ActiveCfg = Debug|Any CPU
		{0A91C8BA-ED36-4584-A604-DA953417602D}.Debug|Any CPU.Build.0 = Debug|Any CPU
		{0A91C8BA-ED36-4584-A604-DA953417602D}.Release|Any CPU.ActiveCfg = Release|Any CPU
		{0A91C8BA-ED36-4584-A604-DA953417602D}.Release|Any CPU.Build.0 = Release|Any CPU
		{9E0214B5-3759-40BE-A894-696FE46DDDCD}.Debug|Any CPU.ActiveCfg = Debug|Any CPU
		{9E0214B5-3759-40BE-A894-696FE46DDDCD}.Debug|Any CPU.Build.0 = Debug|Any CPU
		{9E0214B5-3759-40BE-A894-696FE46DDDCD}.Release|Any CPU.ActiveCfg = Release|Any CPU
		{9E0214B5-3759-40BE-A894-696FE46DDDCD}.Release|Any CPU.Build.0 = Release|Any CPU
		{C2F339B9-7E28-473C-8BFB-8526800B70AA}.Debug|Any CPU.ActiveCfg = Debug|Any CPU
		{C2F339B9-7E28-473C-8BFB-8526800B70AA}.Debug|Any CPU.Build.0 = Debug|Any CPU
		{C2F339B9-7E28-473C-8BFB-8526800B70AA}.Release|Any CPU.ActiveCfg = Release|Any CPU
		{C2F339B9-7E28-473C-8BFB-8526800B70AA}.Release|Any CPU.Build.0 = Release|Any CPU
		{3D4163F2-959C-4F1A-8139-0825C8A85730}.Debug|Any CPU.ActiveCfg = Debug|Any CPU
		{3D4163F2-959C-4F1A-8139-0825C8A85730}.Debug|Any CPU.Build.0 = Debug|Any CPU
		{3D4163F2-959C-4F1A-8139-0825C8A85730}.Release|Any CPU.ActiveCfg = Release|Any CPU
		{3D4163F2-959C-4F1A-8139-0825C8A85730}.Release|Any CPU.Build.0 = Release|Any CPU
		{FD072C4D-5801-4B0E-AB3D-5583FB955FCE}.Debug|Any CPU.ActiveCfg = Debug|Any CPU
		{FD072C4D-5801-4B0E-AB3D-5583FB955FCE}.Debug|Any CPU.Build.0 = Debug|Any CPU
		{FD072C4D-5801-4B0E-AB3D-5583FB955FCE}.Release|Any CPU.ActiveCfg = Release|Any CPU
		{FD072C4D-5801-4B0E-AB3D-5583FB955FCE}.Release|Any CPU.Build.0 = Release|Any CPU
		{72A7DDFB-AC01-4E87-AB5F-B4F93C9FD51D}.Debug|Any CPU.ActiveCfg = Debug|Any CPU
		{72A7DDFB-AC01-4E87-AB5F-B4F93C9FD51D}.Debug|Any CPU.Build.0 = Debug|Any CPU
		{72A7DDFB-AC01-4E87-AB5F-B4F93C9FD51D}.Release|Any CPU.ActiveCfg = Release|Any CPU
		{72A7DDFB-AC01-4E87-AB5F-B4F93C9FD51D}.Release|Any CPU.Build.0 = Release|Any CPU
		{B59D118C-BC9F-46ED-8AFB-682D70E3F97A}.Debug|Any CPU.ActiveCfg = Debug|Any CPU
		{B59D118C-BC9F-46ED-8AFB-682D70E3F97A}.Debug|Any CPU.Build.0 = Debug|Any CPU
		{B59D118C-BC9F-46ED-8AFB-682D70E3F97A}.Release|Any CPU.ActiveCfg = Release|Any CPU
		{B59D118C-BC9F-46ED-8AFB-682D70E3F97A}.Release|Any CPU.Build.0 = Release|Any CPU
		{D32FAD98-6621-49C7-B164-1A87C4D89A06}.Debug|Any CPU.ActiveCfg = Debug|Any CPU
		{D32FAD98-6621-49C7-B164-1A87C4D89A06}.Debug|Any CPU.Build.0 = Debug|Any CPU
		{D32FAD98-6621-49C7-B164-1A87C4D89A06}.Release|Any CPU.ActiveCfg = Release|Any CPU
		{D32FAD98-6621-49C7-B164-1A87C4D89A06}.Release|Any CPU.Build.0 = Release|Any CPU
		{6D62FBA8-90C0-4169-936D-6DF717E3FBE6}.Debug|Any CPU.ActiveCfg = Debug|Any CPU
		{6D62FBA8-90C0-4169-936D-6DF717E3FBE6}.Debug|Any CPU.Build.0 = Debug|Any CPU
		{6D62FBA8-90C0-4169-936D-6DF717E3FBE6}.Release|Any CPU.ActiveCfg = Release|Any CPU
		{6D62FBA8-90C0-4169-936D-6DF717E3FBE6}.Release|Any CPU.Build.0 = Release|Any CPU
		{5E058CFD-72EE-4418-A07F-AFB0DB131BAE}.Debug|Any CPU.ActiveCfg = Debug|Any CPU
		{5E058CFD-72EE-4418-A07F-AFB0DB131BAE}.Debug|Any CPU.Build.0 = Debug|Any CPU
		{5E058CFD-72EE-4418-A07F-AFB0DB131BAE}.Release|Any CPU.ActiveCfg = Release|Any CPU
		{5E058CFD-72EE-4418-A07F-AFB0DB131BAE}.Release|Any CPU.Build.0 = Release|Any CPU
		{DF30800E-E6F3-459D-B82B-7ACA7A6D8A08}.Debug|Any CPU.ActiveCfg = Debug|Any CPU
		{DF30800E-E6F3-459D-B82B-7ACA7A6D8A08}.Debug|Any CPU.Build.0 = Debug|Any CPU
		{DF30800E-E6F3-459D-B82B-7ACA7A6D8A08}.Release|Any CPU.ActiveCfg = Release|Any CPU
		{DF30800E-E6F3-459D-B82B-7ACA7A6D8A08}.Release|Any CPU.Build.0 = Release|Any CPU
		{D9BDA5E4-A5B1-4143-847A-2C8933E1BC3B}.Debug|Any CPU.ActiveCfg = Debug|Any CPU
		{D9BDA5E4-A5B1-4143-847A-2C8933E1BC3B}.Debug|Any CPU.Build.0 = Debug|Any CPU
		{D9BDA5E4-A5B1-4143-847A-2C8933E1BC3B}.Release|Any CPU.ActiveCfg = Release|Any CPU
		{D9BDA5E4-A5B1-4143-847A-2C8933E1BC3B}.Release|Any CPU.Build.0 = Release|Any CPU
		{90FF2428-93F1-49DB-82D0-8BB44193A15B}.Debug|Any CPU.ActiveCfg = Debug|Any CPU
		{90FF2428-93F1-49DB-82D0-8BB44193A15B}.Debug|Any CPU.Build.0 = Debug|Any CPU
		{90FF2428-93F1-49DB-82D0-8BB44193A15B}.Release|Any CPU.ActiveCfg = Release|Any CPU
		{90FF2428-93F1-49DB-82D0-8BB44193A15B}.Release|Any CPU.Build.0 = Release|Any CPU
		{11802544-ED1F-474D-AF4E-C77DE60EAAB4}.Debug|Any CPU.ActiveCfg = Debug|Any CPU
		{11802544-ED1F-474D-AF4E-C77DE60EAAB4}.Debug|Any CPU.Build.0 = Debug|Any CPU
		{11802544-ED1F-474D-AF4E-C77DE60EAAB4}.Release|Any CPU.ActiveCfg = Release|Any CPU
		{11802544-ED1F-474D-AF4E-C77DE60EAAB4}.Release|Any CPU.Build.0 = Release|Any CPU
		{C96E8004-303D-4CD7-9CE7-007A15AF155D}.Debug|Any CPU.ActiveCfg = Debug|Any CPU
		{C96E8004-303D-4CD7-9CE7-007A15AF155D}.Debug|Any CPU.Build.0 = Debug|Any CPU
		{C96E8004-303D-4CD7-9CE7-007A15AF155D}.Release|Any CPU.ActiveCfg = Release|Any CPU
		{C96E8004-303D-4CD7-9CE7-007A15AF155D}.Release|Any CPU.Build.0 = Release|Any CPU
		{88CF698B-9A40-492F-9BB1-68677ABFDCEE}.Debug|Any CPU.ActiveCfg = Debug|Any CPU
		{88CF698B-9A40-492F-9BB1-68677ABFDCEE}.Debug|Any CPU.Build.0 = Debug|Any CPU
		{88CF698B-9A40-492F-9BB1-68677ABFDCEE}.Release|Any CPU.ActiveCfg = Release|Any CPU
		{88CF698B-9A40-492F-9BB1-68677ABFDCEE}.Release|Any CPU.Build.0 = Release|Any CPU
		{8BDD995C-718C-49E7-BD74-94FE7C432DC0}.Debug|Any CPU.ActiveCfg = Debug|Any CPU
		{8BDD995C-718C-49E7-BD74-94FE7C432DC0}.Debug|Any CPU.Build.0 = Debug|Any CPU
		{8BDD995C-718C-49E7-BD74-94FE7C432DC0}.Release|Any CPU.ActiveCfg = Release|Any CPU
		{8BDD995C-718C-49E7-BD74-94FE7C432DC0}.Release|Any CPU.Build.0 = Release|Any CPU
		{EC6D9994-CF3C-429D-B194-D64EF92F7B3E}.Debug|Any CPU.ActiveCfg = Debug|Any CPU
		{EC6D9994-CF3C-429D-B194-D64EF92F7B3E}.Debug|Any CPU.Build.0 = Debug|Any CPU
		{EC6D9994-CF3C-429D-B194-D64EF92F7B3E}.Release|Any CPU.ActiveCfg = Release|Any CPU
		{EC6D9994-CF3C-429D-B194-D64EF92F7B3E}.Release|Any CPU.Build.0 = Release|Any CPU
		{3F3AFB46-5710-4B1C-B784-C67078A895EA}.Debug|Any CPU.ActiveCfg = Debug|Any CPU
		{3F3AFB46-5710-4B1C-B784-C67078A895EA}.Debug|Any CPU.Build.0 = Debug|Any CPU
		{3F3AFB46-5710-4B1C-B784-C67078A895EA}.Release|Any CPU.ActiveCfg = Release|Any CPU
		{3F3AFB46-5710-4B1C-B784-C67078A895EA}.Release|Any CPU.Build.0 = Release|Any CPU
		{958C9EB2-5FAC-4B8E-95AC-8884ECF937E5}.Debug|Any CPU.ActiveCfg = Debug|Any CPU
		{958C9EB2-5FAC-4B8E-95AC-8884ECF937E5}.Debug|Any CPU.Build.0 = Debug|Any CPU
		{958C9EB2-5FAC-4B8E-95AC-8884ECF937E5}.Release|Any CPU.ActiveCfg = Release|Any CPU
		{958C9EB2-5FAC-4B8E-95AC-8884ECF937E5}.Release|Any CPU.Build.0 = Release|Any CPU
	EndGlobalSection
	GlobalSection(SolutionProperties) = preSolution
		HideSolutionNode = FALSE
	EndGlobalSection
	GlobalSection(NestedProjects) = preSolution
		{77C597F2-C9E9-4E2E-B003-F58095AF4A05} = {7E7E07AD-C457-48EA-94D1-847C9185A773}
		{524962B5-961D-4290-A8AB-9F14F00B6AD9} = {E5B564F8-D421-4C4C-BA4D-49809E19176E}
		{4336FFB5-4536-4FBC-B475-5D32A7516400} = {E5B564F8-D421-4C4C-BA4D-49809E19176E}
		{FAA1A502-999B-41B8-A54E-991C48E9F5F9} = {E5B564F8-D421-4C4C-BA4D-49809E19176E}
		{E5832B29-05FD-02FD-EFB3-4082FB16BD04} = {E5B564F8-D421-4C4C-BA4D-49809E19176E}
		{C048F397-0E59-432A-BEF6-D60E52C11436} = {93BFAE54-6B38-4670-A92D-4624EA8D2467}
		{3C3C3C2C-3868-6229-2AE3-1C46C58FCF64} = {2E3BBE61-946E-4D8A-8629-540DEEE51677}
		{0E25D5EB-7AC5-CFEF-B60D-62AA24157F88} = {2E3BBE61-946E-4D8A-8629-540DEEE51677}
		{721CB819-4036-C00E-D8F1-3FE871D90C41} = {93BFAE54-6B38-4670-A92D-4624EA8D2467}
		{B4626C36-0892-4AD6-BEB5-8736F0FF8EFD} = {93BFAE54-6B38-4670-A92D-4624EA8D2467}
		{56816C66-C86D-4D10-A751-17E20501CB71} = {93BFAE54-6B38-4670-A92D-4624EA8D2467}
		{0A91C8BA-ED36-4584-A604-DA953417602D} = {24D7C406-12C6-47AA-8184-F854F62C670F}
		{24D7C406-12C6-47AA-8184-F854F62C670F} = {36D591C7-65C7-A0D1-1CBC-10CDE441BDC8}
		{2E3BBE61-946E-4D8A-8629-540DEEE51677} = {36D591C7-65C7-A0D1-1CBC-10CDE441BDC8}
		{9E0214B5-3759-40BE-A894-696FE46DDDCD} = {2E3BBE61-946E-4D8A-8629-540DEEE51677}
		{C2F339B9-7E28-473C-8BFB-8526800B70AA} = {93BFAE54-6B38-4670-A92D-4624EA8D2467}
		{3D4163F2-959C-4F1A-8139-0825C8A85730} = {887C070A-E55B-4850-B80B-7FB4C8810B16}
		{FD072C4D-5801-4B0E-AB3D-5583FB955FCE} = {40EC97DD-26AC-452F-8A98-3325DAD49BAF}
		{72A7DDFB-AC01-4E87-AB5F-B4F93C9FD51D} = {887C070A-E55B-4850-B80B-7FB4C8810B16}
		{B59D118C-BC9F-46ED-8AFB-682D70E3F97A} = {887C070A-E55B-4850-B80B-7FB4C8810B16}
		{D32FAD98-6621-49C7-B164-1A87C4D89A06} = {887C070A-E55B-4850-B80B-7FB4C8810B16}
		{6D62FBA8-90C0-4169-936D-6DF717E3FBE6} = {887C070A-E55B-4850-B80B-7FB4C8810B16}
		{93BFAE54-6B38-4670-A92D-4624EA8D2467} = {24D7C406-12C6-47AA-8184-F854F62C670F}
		{887C070A-E55B-4850-B80B-7FB4C8810B16} = {24D7C406-12C6-47AA-8184-F854F62C670F}
		{40EC97DD-26AC-452F-8A98-3325DAD49BAF} = {24D7C406-12C6-47AA-8184-F854F62C670F}
		{5E058CFD-72EE-4418-A07F-AFB0DB131BAE} = {40EC97DD-26AC-452F-8A98-3325DAD49BAF}
		{DF30800E-E6F3-459D-B82B-7ACA7A6D8A08} = {40EC97DD-26AC-452F-8A98-3325DAD49BAF}
		{D9BDA5E4-A5B1-4143-847A-2C8933E1BC3B} = {40EC97DD-26AC-452F-8A98-3325DAD49BAF}
		{90FF2428-93F1-49DB-82D0-8BB44193A15B} = {40EC97DD-26AC-452F-8A98-3325DAD49BAF}
		{11802544-ED1F-474D-AF4E-C77DE60EAAB4} = {F218A364-EE55-4968-B302-FB94CFB907D6}
		{C96E8004-303D-4CD7-9CE7-007A15AF155D} = {F218A364-EE55-4968-B302-FB94CFB907D6}
		{88CF698B-9A40-492F-9BB1-68677ABFDCEE} = {F218A364-EE55-4968-B302-FB94CFB907D6}
		{8BDD995C-718C-49E7-BD74-94FE7C432DC0} = {F218A364-EE55-4968-B302-FB94CFB907D6}
		{EC6D9994-CF3C-429D-B194-D64EF92F7B3E} = {F218A364-EE55-4968-B302-FB94CFB907D6}
		{3F3AFB46-5710-4B1C-B784-C67078A895EA} = {F218A364-EE55-4968-B302-FB94CFB907D6}
	EndGlobalSection
	GlobalSection(ExtensibilityGlobals) = postSolution
		SolutionGuid = {226F478F-1432-4893-8E9D-43217379D380}
	EndGlobalSection
EndGlobal
